
Microsoft Visual Studio Solution File, Format Version 12.00
# Visual Studio Version 16
VisualStudioVersion = 16.0.31515.178
MinimumVisualStudioVersion = 10.0.40219.1
Project("{FAE04EC0-301F-11D3-BF4B-00C04F79EFBC}") = "HotelManagementSytem", "HotelManagementSytem\HotelManagementSytem.csproj", "{C88EC351-85FA-4B0C-B7D4-41AAE2CF368A}"
EndProject
Global
	GlobalSection(SolutionConfigurationPlatforms) = preSolution
		Debug|Any CPU = Debug|Any CPU
		Release|Any CPU = Release|Any CPU
	EndGlobalSection
	GlobalSection(ProjectConfigurationPlatforms) = postSolution
		{C88EC351-85FA-4B0C-B7D4-41AAE2CF368A}.Debug|Any CPU.ActiveCfg = Debug|Any CPU
		{C88EC351-85FA-4B0C-B7D4-41AAE2CF368A}.Debug|Any CPU.Build.0 = Debug|Any CPU
		{C88EC351-85FA-4B0C-B7D4-41AAE2CF368A}.Release|Any CPU.ActiveCfg = Release|Any CPU
		{C88EC351-85FA-4B0C-B7D4-41AAE2CF368A}.Release|Any CPU.Build.0 = Release|Any CPU
	EndGlobalSection
	GlobalSection(SolutionProperties) = preSolution
		HideSolutionNode = FALSE
	EndGlobalSection
	GlobalSection(ExtensibilityGlobals) = postSolution
		SolutionGuid = {920F3EC6-34E4-46F7-95D6-53401C2EDF84}
	EndGlobalSection
EndGlobal
